// !$*UTF8*$!
{
	archiveVersion = 1;
	classes = {
	};
	objectVersion = 46;
	objects = {

/* Begin PBXBuildFile section */
		9A00B25B1F3A874E004F1F3C /* AppDelegate.swift in Sources */ = {isa = PBXBuildFile; fileRef = 9A00B25A1F3A874E004F1F3C /* AppDelegate.swift */; };
		9A00B25D1F3A874E004F1F3C /* ViewController.swift in Sources */ = {isa = PBXBuildFile; fileRef = 9A00B25C1F3A874E004F1F3C /* ViewController.swift */; };
		9A00B2601F3A874E004F1F3C /* Main.storyboard in Resources */ = {isa = PBXBuildFile; fileRef = 9A00B25E1F3A874E004F1F3C /* Main.storyboard */; };
		9A00B2621F3A874E004F1F3C /* Assets.xcassets in Resources */ = {isa = PBXBuildFile; fileRef = 9A00B2611F3A874E004F1F3C /* Assets.xcassets */; };
		9A00B2651F3A874E004F1F3C /* LaunchScreen.storyboard in Resources */ = {isa = PBXBuildFile; fileRef = 9A00B2631F3A874E004F1F3C /* LaunchScreen.storyboard */; };
		9A00B2701F3A874E004F1F3C /* WhosThatPokemoniOSTests.swift in Sources */ = {isa = PBXBuildFile; fileRef = 9A00B26F1F3A874E004F1F3C /* WhosThatPokemoniOSTests.swift */; };
		9A00B27B1F3A874E004F1F3C /* WhosThatPokemoniOSUITests.swift in Sources */ = {isa = PBXBuildFile; fileRef = 9A00B27A1F3A874E004F1F3C /* WhosThatPokemoniOSUITests.swift */; };
		9A255A0D1F3E12B500A45216 /* SettingsViewController.xib in Resources */ = {isa = PBXBuildFile; fileRef = 9A255A0C1F3E12B500A45216 /* SettingsViewController.xib */; };
		9A255A131F3E157E00A45216 /* SettingTableField.swift in Sources */ = {isa = PBXBuildFile; fileRef = 9A255A121F3E157E00A45216 /* SettingTableField.swift */; };
		9A255A141F3E480100A45216 /* SettingTableField.swift in Sources */ = {isa = PBXBuildFile; fileRef = 9A255A121F3E157E00A45216 /* SettingTableField.swift */; };
		9A255A151F3E480200A45216 /* SettingTableField.swift in Sources */ = {isa = PBXBuildFile; fileRef = 9A255A121F3E157E00A45216 /* SettingTableField.swift */; };
		9A255A161F3E480900A45216 /* ViewController.swift in Sources */ = {isa = PBXBuildFile; fileRef = 9A00B25C1F3A874E004F1F3C /* ViewController.swift */; };
		9A255A171F3E480900A45216 /* ViewController.swift in Sources */ = {isa = PBXBuildFile; fileRef = 9A00B25C1F3A874E004F1F3C /* ViewController.swift */; };
		9A255A181F3E480F00A45216 /* SettingsViewController.xib in Resources */ = {isa = PBXBuildFile; fileRef = 9A255A0C1F3E12B500A45216 /* SettingsViewController.xib */; };
		9A255A191F3E480F00A45216 /* SettingsViewController.xib in Resources */ = {isa = PBXBuildFile; fileRef = 9A255A0C1F3E12B500A45216 /* SettingsViewController.xib */; };
		9A255A1A1F3E481200A45216 /* AppDelegate.swift in Sources */ = {isa = PBXBuildFile; fileRef = 9A00B25A1F3A874E004F1F3C /* AppDelegate.swift */; };
		9A255A1C1F3E481900A45216 /* AppDelegate.swift in Sources */ = {isa = PBXBuildFile; fileRef = 9A00B25A1F3A874E004F1F3C /* AppDelegate.swift */; };
		9A255A1E1F3E4D4500A45216 /* Extensions.swift in Sources */ = {isa = PBXBuildFile; fileRef = 9A255A1D1F3E4D4500A45216 /* Extensions.swift */; };
		9A255A1F1F3E4D4500A45216 /* Extensions.swift in Sources */ = {isa = PBXBuildFile; fileRef = 9A255A1D1F3E4D4500A45216 /* Extensions.swift */; };
		9A255A201F3E4D4500A45216 /* Extensions.swift in Sources */ = {isa = PBXBuildFile; fileRef = 9A255A1D1F3E4D4500A45216 /* Extensions.swift */; };
		9A255A221F3E554300A45216 /* SettingsSwitchTableCell.xib in Resources */ = {isa = PBXBuildFile; fileRef = 9A255A211F3E554300A45216 /* SettingsSwitchTableCell.xib */; };
		9A255A231F3E554300A45216 /* SettingsSwitchTableCell.xib in Resources */ = {isa = PBXBuildFile; fileRef = 9A255A211F3E554300A45216 /* SettingsSwitchTableCell.xib */; };
		9A255A241F3E554300A45216 /* SettingsSwitchTableCell.xib in Resources */ = {isa = PBXBuildFile; fileRef = 9A255A211F3E554300A45216 /* SettingsSwitchTableCell.xib */; };
		9A5ECE021F3B71AF00A9778B /* Pokemon Hollow.ttf in Resources */ = {isa = PBXBuildFile; fileRef = 9A5ECE001F3B71AF00A9778B /* Pokemon Hollow.ttf */; };
		9A5ECE031F3B71AF00A9778B /* Pokemon Hollow.ttf in Resources */ = {isa = PBXBuildFile; fileRef = 9A5ECE001F3B71AF00A9778B /* Pokemon Hollow.ttf */; };
		9A5ECE041F3B71AF00A9778B /* Pokemon Hollow.ttf in Resources */ = {isa = PBXBuildFile; fileRef = 9A5ECE001F3B71AF00A9778B /* Pokemon Hollow.ttf */; };
		9A5ECE051F3B71AF00A9778B /* Pokemon Solid.ttf in Resources */ = {isa = PBXBuildFile; fileRef = 9A5ECE011F3B71AF00A9778B /* Pokemon Solid.ttf */; };
		9A5ECE061F3B71AF00A9778B /* Pokemon Solid.ttf in Resources */ = {isa = PBXBuildFile; fileRef = 9A5ECE011F3B71AF00A9778B /* Pokemon Solid.ttf */; };
		9A5ECE071F3B71AF00A9778B /* Pokemon Solid.ttf in Resources */ = {isa = PBXBuildFile; fileRef = 9A5ECE011F3B71AF00A9778B /* Pokemon Solid.ttf */; };
		9A5ECE091F3B76DD00A9778B /* PokemonData.swift in Sources */ = {isa = PBXBuildFile; fileRef = 9A5ECE081F3B76DD00A9778B /* PokemonData.swift */; };
		9A5ECE0A1F3B76DD00A9778B /* PokemonData.swift in Sources */ = {isa = PBXBuildFile; fileRef = 9A5ECE081F3B76DD00A9778B /* PokemonData.swift */; };
		9A5ECE0B1F3B76DD00A9778B /* PokemonData.swift in Sources */ = {isa = PBXBuildFile; fileRef = 9A5ECE081F3B76DD00A9778B /* PokemonData.swift */; };
		9A5ECE0D1F3BBC5100A9778B /* SettingsViewController.swift in Sources */ = {isa = PBXBuildFile; fileRef = 9A5ECE0C1F3BBC5100A9778B /* SettingsViewController.swift */; };
		9A5ECE0E1F3BBC5100A9778B /* SettingsViewController.swift in Sources */ = {isa = PBXBuildFile; fileRef = 9A5ECE0C1F3BBC5100A9778B /* SettingsViewController.swift */; };
		9A5ECE0F1F3BBC5100A9778B /* SettingsViewController.swift in Sources */ = {isa = PBXBuildFile; fileRef = 9A5ECE0C1F3BBC5100A9778B /* SettingsViewController.swift */; };
		9AE3C1DD1F44FA690067D80C /* ChoiceButton.swift in Sources */ = {isa = PBXBuildFile; fileRef = 9AE3C1DC1F44FA690067D80C /* ChoiceButton.swift */; };
		9AE3C1DE1F45013A0067D80C /* ChoiceButton.swift in Sources */ = {isa = PBXBuildFile; fileRef = 9AE3C1DC1F44FA690067D80C /* ChoiceButton.swift */; };
		9AE3C1DF1F45013B0067D80C /* ChoiceButton.swift in Sources */ = {isa = PBXBuildFile; fileRef = 9AE3C1DC1F44FA690067D80C /* ChoiceButton.swift */; };
/* End PBXBuildFile section */

/* Begin PBXContainerItemProxy section */
		9A00B26C1F3A874E004F1F3C /* PBXContainerItemProxy */ = {
			isa = PBXContainerItemProxy;
			containerPortal = 9A00B24F1F3A874E004F1F3C /* Project object */;
			proxyType = 1;
			remoteGlobalIDString = 9A00B2561F3A874E004F1F3C;
			remoteInfo = WhosThatPokemoniOS;
		};
		9A00B2771F3A874E004F1F3C /* PBXContainerItemProxy */ = {
			isa = PBXContainerItemProxy;
			containerPortal = 9A00B24F1F3A874E004F1F3C /* Project object */;
			proxyType = 1;
			remoteGlobalIDString = 9A00B2561F3A874E004F1F3C;
			remoteInfo = WhosThatPokemoniOS;
		};
/* End PBXContainerItemProxy section */

/* Begin PBXFileReference section */
		9A00B2571F3A874E004F1F3C /* WhosThatPokemoniOS.app */ = {isa = PBXFileReference; explicitFileType = wrapper.application; includeInIndex = 0; path = WhosThatPokemoniOS.app; sourceTree = BUILT_PRODUCTS_DIR; };
		9A00B25A1F3A874E004F1F3C /* AppDelegate.swift */ = {isa = PBXFileReference; lastKnownFileType = sourcecode.swift; path = AppDelegate.swift; sourceTree = "<group>"; };
		9A00B25C1F3A874E004F1F3C /* ViewController.swift */ = {isa = PBXFileReference; lastKnownFileType = sourcecode.swift; path = ViewController.swift; sourceTree = "<group>"; };
		9A00B25F1F3A874E004F1F3C /* Base */ = {isa = PBXFileReference; lastKnownFileType = file.storyboard; name = Base; path = Base.lproj/Main.storyboard; sourceTree = "<group>"; };
		9A00B2611F3A874E004F1F3C /* Assets.xcassets */ = {isa = PBXFileReference; lastKnownFileType = folder.assetcatalog; path = Assets.xcassets; sourceTree = "<group>"; };
		9A00B2641F3A874E004F1F3C /* Base */ = {isa = PBXFileReference; lastKnownFileType = file.storyboard; name = Base; path = Base.lproj/LaunchScreen.storyboard; sourceTree = "<group>"; };
		9A00B2661F3A874E004F1F3C /* Info.plist */ = {isa = PBXFileReference; lastKnownFileType = text.plist.xml; path = Info.plist; sourceTree = "<group>"; };
		9A00B26B1F3A874E004F1F3C /* WhosThatPokemoniOSTests.xctest */ = {isa = PBXFileReference; explicitFileType = wrapper.cfbundle; includeInIndex = 0; path = WhosThatPokemoniOSTests.xctest; sourceTree = BUILT_PRODUCTS_DIR; };
		9A00B26F1F3A874E004F1F3C /* WhosThatPokemoniOSTests.swift */ = {isa = PBXFileReference; lastKnownFileType = sourcecode.swift; path = WhosThatPokemoniOSTests.swift; sourceTree = "<group>"; };
		9A00B2711F3A874E004F1F3C /* Info.plist */ = {isa = PBXFileReference; lastKnownFileType = text.plist.xml; path = Info.plist; sourceTree = "<group>"; };
		9A00B2761F3A874E004F1F3C /* WhosThatPokemoniOSUITests.xctest */ = {isa = PBXFileReference; explicitFileType = wrapper.cfbundle; includeInIndex = 0; path = WhosThatPokemoniOSUITests.xctest; sourceTree = BUILT_PRODUCTS_DIR; };
		9A00B27A1F3A874E004F1F3C /* WhosThatPokemoniOSUITests.swift */ = {isa = PBXFileReference; lastKnownFileType = sourcecode.swift; path = WhosThatPokemoniOSUITests.swift; sourceTree = "<group>"; };
		9A00B27C1F3A874E004F1F3C /* Info.plist */ = {isa = PBXFileReference; lastKnownFileType = text.plist.xml; path = Info.plist; sourceTree = "<group>"; };
		9A255A0C1F3E12B500A45216 /* SettingsViewController.xib */ = {isa = PBXFileReference; fileEncoding = 4; lastKnownFileType = file.xib; name = SettingsViewController.xib; path = UI/SettingsViewController.xib; sourceTree = "<group>"; };
		9A255A121F3E157E00A45216 /* SettingTableField.swift */ = {isa = PBXFileReference; fileEncoding = 4; lastKnownFileType = sourcecode.swift; path = SettingTableField.swift; sourceTree = "<group>"; };
		9A255A1D1F3E4D4500A45216 /* Extensions.swift */ = {isa = PBXFileReference; fileEncoding = 4; lastKnownFileType = sourcecode.swift; name = Extensions.swift; path = Utils/Extensions.swift; sourceTree = "<group>"; };
		9A255A211F3E554300A45216 /* SettingsSwitchTableCell.xib */ = {isa = PBXFileReference; fileEncoding = 4; lastKnownFileType = file.xib; name = SettingsSwitchTableCell.xib; path = UI/SettingsSwitchTableCell.xib; sourceTree = "<group>"; };
		9A5ECE001F3B71AF00A9778B /* Pokemon Hollow.ttf */ = {isa = PBXFileReference; lastKnownFileType = file; path = "Pokemon Hollow.ttf"; sourceTree = "<group>"; };
		9A5ECE011F3B71AF00A9778B /* Pokemon Solid.ttf */ = {isa = PBXFileReference; lastKnownFileType = file; path = "Pokemon Solid.ttf"; sourceTree = "<group>"; };
		9A5ECE081F3B76DD00A9778B /* PokemonData.swift */ = {isa = PBXFileReference; fileEncoding = 4; lastKnownFileType = sourcecode.swift; path = PokemonData.swift; sourceTree = "<group>"; };
		9A5ECE0C1F3BBC5100A9778B /* SettingsViewController.swift */ = {isa = PBXFileReference; fileEncoding = 4; lastKnownFileType = sourcecode.swift; path = SettingsViewController.swift; sourceTree = "<group>"; };
		9AE3C1DC1F44FA690067D80C /* ChoiceButton.swift */ = {isa = PBXFileReference; fileEncoding = 4; lastKnownFileType = sourcecode.swift; name = ChoiceButton.swift; path = UI/ChoiceButton.swift; sourceTree = "<group>"; };
/* End PBXFileReference section */

/* Begin PBXFrameworksBuildPhase section */
		9A00B2541F3A874E004F1F3C /* Frameworks */ = {
			isa = PBXFrameworksBuildPhase;
			buildActionMask = 2147483647;
			files = (
			);
			runOnlyForDeploymentPostprocessing = 0;
		};
		9A00B2681F3A874E004F1F3C /* Frameworks */ = {
			isa = PBXFrameworksBuildPhase;
			buildActionMask = 2147483647;
			files = (
			);
			runOnlyForDeploymentPostprocessing = 0;
		};
		9A00B2731F3A874E004F1F3C /* Frameworks */ = {
			isa = PBXFrameworksBuildPhase;
			buildActionMask = 2147483647;
			files = (
			);
			runOnlyForDeploymentPostprocessing = 0;
		};
/* End PBXFrameworksBuildPhase section */

/* Begin PBXGroup section */
		9A00B24E1F3A874E004F1F3C = {
			isa = PBXGroup;
			children = (
				9A00B2591F3A874E004F1F3C /* WhosThatPokemoniOS */,
				9A00B26E1F3A874E004F1F3C /* WhosThatPokemoniOSTests */,
				9A00B2791F3A874E004F1F3C /* WhosThatPokemoniOSUITests */,
				9A00B2581F3A874E004F1F3C /* Products */,
			);
			sourceTree = "<group>";
		};
		9A00B2581F3A874E004F1F3C /* Products */ = {
			isa = PBXGroup;
			children = (
				9A00B2571F3A874E004F1F3C /* WhosThatPokemoniOS.app */,
				9A00B26B1F3A874E004F1F3C /* WhosThatPokemoniOSTests.xctest */,
				9A00B2761F3A874E004F1F3C /* WhosThatPokemoniOSUITests.xctest */,
			);
			name = Products;
			sourceTree = "<group>";
		};
		9A00B2591F3A874E004F1F3C /* WhosThatPokemoniOS */ = {
			isa = PBXGroup;
			children = (
				9A255A111F3E155D00A45216 /* Models */,
				9A255A101F3E155000A45216 /* Utils */,
				9A255A0F1F3E152800A45216 /* Views */,
				9A255A0E1F3E12BE00A45216 /* UI */,
				9A5ECDFF1F3B719100A9778B /* Fonts */,
				9A00B25A1F3A874E004F1F3C /* AppDelegate.swift */,
				9A00B25E1F3A874E004F1F3C /* Main.storyboard */,
				9A00B2611F3A874E004F1F3C /* Assets.xcassets */,
				9A00B2631F3A874E004F1F3C /* LaunchScreen.storyboard */,
				9A00B2661F3A874E004F1F3C /* Info.plist */,
			);
			path = WhosThatPokemoniOS;
			sourceTree = "<group>";
		};
		9A00B26E1F3A874E004F1F3C /* WhosThatPokemoniOSTests */ = {
			isa = PBXGroup;
			children = (
				9A00B26F1F3A874E004F1F3C /* WhosThatPokemoniOSTests.swift */,
				9A00B2711F3A874E004F1F3C /* Info.plist */,
			);
			path = WhosThatPokemoniOSTests;
			sourceTree = "<group>";
		};
		9A00B2791F3A874E004F1F3C /* WhosThatPokemoniOSUITests */ = {
			isa = PBXGroup;
			children = (
				9A00B27A1F3A874E004F1F3C /* WhosThatPokemoniOSUITests.swift */,
				9A00B27C1F3A874E004F1F3C /* Info.plist */,
			);
			path = WhosThatPokemoniOSUITests;
			sourceTree = "<group>";
		};
		9A255A0E1F3E12BE00A45216 /* UI */ = {
			isa = PBXGroup;
			children = (
				9A255A0C1F3E12B500A45216 /* SettingsViewController.xib */,
				9A255A211F3E554300A45216 /* SettingsSwitchTableCell.xib */,
				9AE3C1DC1F44FA690067D80C /* ChoiceButton.swift */,
			);
			name = UI;
			sourceTree = "<group>";
		};
		9A255A0F1F3E152800A45216 /* Views */ = {
			isa = PBXGroup;
			children = (
				9A00B25C1F3A874E004F1F3C /* ViewController.swift */,
				9A5ECE0C1F3BBC5100A9778B /* SettingsViewController.swift */,
			);
			name = Views;
			sourceTree = "<group>";
		};
		9A255A101F3E155000A45216 /* Utils */ = {
			isa = PBXGroup;
			children = (
				9A5ECE081F3B76DD00A9778B /* PokemonData.swift */,
				9A255A1D1F3E4D4500A45216 /* Extensions.swift */,
			);
			name = Utils;
			sourceTree = "<group>";
		};
		9A255A111F3E155D00A45216 /* Models */ = {
			isa = PBXGroup;
			children = (
				9A255A121F3E157E00A45216 /* SettingTableField.swift */,
			);
			name = Models;
			sourceTree = "<group>";
		};
		9A5ECDFF1F3B719100A9778B /* Fonts */ = {
			isa = PBXGroup;
			children = (
				9A5ECE001F3B71AF00A9778B /* Pokemon Hollow.ttf */,
				9A5ECE011F3B71AF00A9778B /* Pokemon Solid.ttf */,
			);
			name = Fonts;
			sourceTree = "<group>";
		};
/* End PBXGroup section */

/* Begin PBXNativeTarget section */
		9A00B2561F3A874E004F1F3C /* WhosThatPokemoniOS */ = {
			isa = PBXNativeTarget;
			buildConfigurationList = 9A00B27F1F3A874E004F1F3C /* Build configuration list for PBXNativeTarget "WhosThatPokemoniOS" */;
			buildPhases = (
				9A00B2531F3A874E004F1F3C /* Sources */,
				9A00B2541F3A874E004F1F3C /* Frameworks */,
				9A00B2551F3A874E004F1F3C /* Resources */,
			);
			buildRules = (
			);
			dependencies = (
			);
			name = WhosThatPokemoniOS;
			productName = WhosThatPokemoniOS;
			productReference = 9A00B2571F3A874E004F1F3C /* WhosThatPokemoniOS.app */;
			productType = "com.apple.product-type.application";
		};
		9A00B26A1F3A874E004F1F3C /* WhosThatPokemoniOSTests */ = {
			isa = PBXNativeTarget;
			buildConfigurationList = 9A00B2821F3A874E004F1F3C /* Build configuration list for PBXNativeTarget "WhosThatPokemoniOSTests" */;
			buildPhases = (
				9A00B2671F3A874E004F1F3C /* Sources */,
				9A00B2681F3A874E004F1F3C /* Frameworks */,
				9A00B2691F3A874E004F1F3C /* Resources */,
			);
			buildRules = (
			);
			dependencies = (
				9A00B26D1F3A874E004F1F3C /* PBXTargetDependency */,
			);
			name = WhosThatPokemoniOSTests;
			productName = WhosThatPokemoniOSTests;
			productReference = 9A00B26B1F3A874E004F1F3C /* WhosThatPokemoniOSTests.xctest */;
			productType = "com.apple.product-type.bundle.unit-test";
		};
		9A00B2751F3A874E004F1F3C /* WhosThatPokemoniOSUITests */ = {
			isa = PBXNativeTarget;
			buildConfigurationList = 9A00B2851F3A874E004F1F3C /* Build configuration list for PBXNativeTarget "WhosThatPokemoniOSUITests" */;
			buildPhases = (
				9A00B2721F3A874E004F1F3C /* Sources */,
				9A00B2731F3A874E004F1F3C /* Frameworks */,
				9A00B2741F3A874E004F1F3C /* Resources */,
			);
			buildRules = (
			);
			dependencies = (
				9A00B2781F3A874E004F1F3C /* PBXTargetDependency */,
			);
			name = WhosThatPokemoniOSUITests;
			productName = WhosThatPokemoniOSUITests;
			productReference = 9A00B2761F3A874E004F1F3C /* WhosThatPokemoniOSUITests.xctest */;
			productType = "com.apple.product-type.bundle.ui-testing";
		};
/* End PBXNativeTarget section */

/* Begin PBXProject section */
		9A00B24F1F3A874E004F1F3C /* Project object */ = {
			isa = PBXProject;
			attributes = {
				LastSwiftUpdateCheck = 0830;
				LastUpgradeCheck = 0830;
				ORGANIZATIONNAME = "Routematch Ireland";
				TargetAttributes = {
					9A00B2561F3A874E004F1F3C = {
						CreatedOnToolsVersion = 8.3.3;
						DevelopmentTeam = UNG5QBX75S;
						ProvisioningStyle = Automatic;
					};
					9A00B26A1F3A874E004F1F3C = {
						CreatedOnToolsVersion = 8.3.3;
						DevelopmentTeam = 2L5AM36F5Y;
						ProvisioningStyle = Automatic;
						TestTargetID = 9A00B2561F3A874E004F1F3C;
					};
					9A00B2751F3A874E004F1F3C = {
						CreatedOnToolsVersion = 8.3.3;
						DevelopmentTeam = 2L5AM36F5Y;
						ProvisioningStyle = Automatic;
						TestTargetID = 9A00B2561F3A874E004F1F3C;
					};
				};
			};
			buildConfigurationList = 9A00B2521F3A874E004F1F3C /* Build configuration list for PBXProject "WhosThatPokemoniOS" */;
			compatibilityVersion = "Xcode 3.2";
			developmentRegion = English;
			hasScannedForEncodings = 0;
			knownRegions = (
				en,
				Base,
			);
			mainGroup = 9A00B24E1F3A874E004F1F3C;
			productRefGroup = 9A00B2581F3A874E004F1F3C /* Products */;
			projectDirPath = "";
			projectRoot = "";
			targets = (
				9A00B2561F3A874E004F1F3C /* WhosThatPokemoniOS */,
				9A00B26A1F3A874E004F1F3C /* WhosThatPokemoniOSTests */,
				9A00B2751F3A874E004F1F3C /* WhosThatPokemoniOSUITests */,
			);
		};
/* End PBXProject section */

/* Begin PBXResourcesBuildPhase section */
		9A00B2551F3A874E004F1F3C /* Resources */ = {
			isa = PBXResourcesBuildPhase;
			buildActionMask = 2147483647;
			files = (
				9A5ECE051F3B71AF00A9778B /* Pokemon Solid.ttf in Resources */,
				9A255A221F3E554300A45216 /* SettingsSwitchTableCell.xib in Resources */,
				9A5ECE021F3B71AF00A9778B /* Pokemon Hollow.ttf in Resources */,
				9A00B2651F3A874E004F1F3C /* LaunchScreen.storyboard in Resources */,
				9A255A0D1F3E12B500A45216 /* SettingsViewController.xib in Resources */,
				9A00B2621F3A874E004F1F3C /* Assets.xcassets in Resources */,
				9A00B2601F3A874E004F1F3C /* Main.storyboard in Resources */,
			);
			runOnlyForDeploymentPostprocessing = 0;
		};
		9A00B2691F3A874E004F1F3C /* Resources */ = {
			isa = PBXResourcesBuildPhase;
			buildActionMask = 2147483647;
			files = (
				9A255A181F3E480F00A45216 /* SettingsViewController.xib in Resources */,
				9A5ECE031F3B71AF00A9778B /* Pokemon Hollow.ttf in Resources */,
				9A5ECE061F3B71AF00A9778B /* Pokemon Solid.ttf in Resources */,
				9A255A231F3E554300A45216 /* SettingsSwitchTableCell.xib in Resources */,
			);
			runOnlyForDeploymentPostprocessing = 0;
		};
		9A00B2741F3A874E004F1F3C /* Resources */ = {
			isa = PBXResourcesBuildPhase;
			buildActionMask = 2147483647;
			files = (
				9A255A191F3E480F00A45216 /* SettingsViewController.xib in Resources */,
				9A5ECE041F3B71AF00A9778B /* Pokemon Hollow.ttf in Resources */,
				9A5ECE071F3B71AF00A9778B /* Pokemon Solid.ttf in Resources */,
				9A255A241F3E554300A45216 /* SettingsSwitchTableCell.xib in Resources */,
			);
			runOnlyForDeploymentPostprocessing = 0;
		};
/* End PBXResourcesBuildPhase section */

/* Begin PBXSourcesBuildPhase section */
		9A00B2531F3A874E004F1F3C /* Sources */ = {
			isa = PBXSourcesBuildPhase;
			buildActionMask = 2147483647;
			files = (
				9A00B25D1F3A874E004F1F3C /* ViewController.swift in Sources */,
				9A255A1E1F3E4D4500A45216 /* Extensions.swift in Sources */,
				9AE3C1DD1F44FA690067D80C /* ChoiceButton.swift in Sources */,
				9A5ECE091F3B76DD00A9778B /* PokemonData.swift in Sources */,
				9A5ECE0D1F3BBC5100A9778B /* SettingsViewController.swift in Sources */,
				9A00B25B1F3A874E004F1F3C /* AppDelegate.swift in Sources */,
				9A255A131F3E157E00A45216 /* SettingTableField.swift in Sources */,
			);
			runOnlyForDeploymentPostprocessing = 0;
		};
		9A00B2671F3A874E004F1F3C /* Sources */ = {
			isa = PBXSourcesBuildPhase;
			buildActionMask = 2147483647;
			files = (
				9A255A1A1F3E481200A45216 /* AppDelegate.swift in Sources */,
				9A255A161F3E480900A45216 /* ViewController.swift in Sources */,
				9A255A141F3E480100A45216 /* SettingTableField.swift in Sources */,
				9A5ECE0E1F3BBC5100A9778B /* SettingsViewController.swift in Sources */,
				9AE3C1DE1F45013A0067D80C /* ChoiceButton.swift in Sources */,
				9A00B2701F3A874E004F1F3C /* WhosThatPokemoniOSTests.swift in Sources */,
				9A5ECE0A1F3B76DD00A9778B /* PokemonData.swift in Sources */,
				9A255A1F1F3E4D4500A45216 /* Extensions.swift in Sources */,
			);
			runOnlyForDeploymentPostprocessing = 0;
		};
		9A00B2721F3A874E004F1F3C /* Sources */ = {
			isa = PBXSourcesBuildPhase;
			buildActionMask = 2147483647;
			files = (
				9A255A1C1F3E481900A45216 /* AppDelegate.swift in Sources */,
				9A255A171F3E480900A45216 /* ViewController.swift in Sources */,
				9A255A151F3E480200A45216 /* SettingTableField.swift in Sources */,
				9A5ECE0F1F3BBC5100A9778B /* SettingsViewController.swift in Sources */,
				9AE3C1DF1F45013B0067D80C /* ChoiceButton.swift in Sources */,
				9A00B27B1F3A874E004F1F3C /* WhosThatPokemoniOSUITests.swift in Sources */,
				9A5ECE0B1F3B76DD00A9778B /* PokemonData.swift in Sources */,
				9A255A201F3E4D4500A45216 /* Extensions.swift in Sources */,
			);
			runOnlyForDeploymentPostprocessing = 0;
		};
/* End PBXSourcesBuildPhase section */

/* Begin PBXTargetDependency section */
		9A00B26D1F3A874E004F1F3C /* PBXTargetDependency */ = {
			isa = PBXTargetDependency;
			target = 9A00B2561F3A874E004F1F3C /* WhosThatPokemoniOS */;
			targetProxy = 9A00B26C1F3A874E004F1F3C /* PBXContainerItemProxy */;
		};
		9A00B2781F3A874E004F1F3C /* PBXTargetDependency */ = {
			isa = PBXTargetDependency;
			target = 9A00B2561F3A874E004F1F3C /* WhosThatPokemoniOS */;
			targetProxy = 9A00B2771F3A874E004F1F3C /* PBXContainerItemProxy */;
		};
/* End PBXTargetDependency section */

/* Begin PBXVariantGroup section */
		9A00B25E1F3A874E004F1F3C /* Main.storyboard */ = {
			isa = PBXVariantGroup;
			children = (
				9A00B25F1F3A874E004F1F3C /* Base */,
			);
			name = Main.storyboard;
			sourceTree = "<group>";
		};
		9A00B2631F3A874E004F1F3C /* LaunchScreen.storyboard */ = {
			isa = PBXVariantGroup;
			children = (
				9A00B2641F3A874E004F1F3C /* Base */,
			);
			name = LaunchScreen.storyboard;
			sourceTree = "<group>";
		};
/* End PBXVariantGroup section */

/* Begin XCBuildConfiguration section */
		9A00B27D1F3A874E004F1F3C /* Debug */ = {
			isa = XCBuildConfiguration;
			buildSettings = {
				ALWAYS_SEARCH_USER_PATHS = NO;
				CLANG_ANALYZER_NONNULL = YES;
				CLANG_ANALYZER_NUMBER_OBJECT_CONVERSION = YES_AGGRESSIVE;
				CLANG_CXX_LANGUAGE_STANDARD = "gnu++0x";
				CLANG_CXX_LIBRARY = "libc++";
				CLANG_ENABLE_MODULES = YES;
				CLANG_ENABLE_OBJC_ARC = YES;
				CLANG_WARN_BOOL_CONVERSION = YES;
				CLANG_WARN_CONSTANT_CONVERSION = YES;
				CLANG_WARN_DIRECT_OBJC_ISA_USAGE = YES_ERROR;
				CLANG_WARN_DOCUMENTATION_COMMENTS = YES;
				CLANG_WARN_EMPTY_BODY = YES;
				CLANG_WARN_ENUM_CONVERSION = YES;
				CLANG_WARN_INFINITE_RECURSION = YES;
				CLANG_WARN_INT_CONVERSION = YES;
				CLANG_WARN_OBJC_ROOT_CLASS = YES_ERROR;
				CLANG_WARN_SUSPICIOUS_MOVE = YES;
				CLANG_WARN_UNREACHABLE_CODE = YES;
				CLANG_WARN__DUPLICATE_METHOD_MATCH = YES;
				"CODE_SIGN_IDENTITY[sdk=iphoneos*]" = "iPhone Developer";
				COPY_PHASE_STRIP = NO;
				DEBUG_INFORMATION_FORMAT = dwarf;
				ENABLE_STRICT_OBJC_MSGSEND = YES;
				ENABLE_TESTABILITY = YES;
				GCC_C_LANGUAGE_STANDARD = gnu99;
				GCC_DYNAMIC_NO_PIC = NO;
				GCC_NO_COMMON_BLOCKS = YES;
				GCC_OPTIMIZATION_LEVEL = 0;
				GCC_PREPROCESSOR_DEFINITIONS = (
					"DEBUG=1",
					"$(inherited)",
				);
				GCC_WARN_64_TO_32_BIT_CONVERSION = YES;
				GCC_WARN_ABOUT_RETURN_TYPE = YES_ERROR;
				GCC_WARN_UNDECLARED_SELECTOR = YES;
				GCC_WARN_UNINITIALIZED_AUTOS = YES_AGGRESSIVE;
				GCC_WARN_UNUSED_FUNCTION = YES;
				GCC_WARN_UNUSED_VARIABLE = YES;
				IPHONEOS_DEPLOYMENT_TARGET = 10.3;
				MTL_ENABLE_DEBUG_INFO = YES;
				ONLY_ACTIVE_ARCH = YES;
				SDKROOT = iphoneos;
				SWIFT_ACTIVE_COMPILATION_CONDITIONS = DEBUG;
				SWIFT_OPTIMIZATION_LEVEL = "-Onone";
			};
			name = Debug;
		};
		9A00B27E1F3A874E004F1F3C /* Release */ = {
			isa = XCBuildConfiguration;
			buildSettings = {
				ALWAYS_SEARCH_USER_PATHS = NO;
				CLANG_ANALYZER_NONNULL = YES;
				CLANG_ANALYZER_NUMBER_OBJECT_CONVERSION = YES_AGGRESSIVE;
				CLANG_CXX_LANGUAGE_STANDARD = "gnu++0x";
				CLANG_CXX_LIBRARY = "libc++";
				CLANG_ENABLE_MODULES = YES;
				CLANG_ENABLE_OBJC_ARC = YES;
				CLANG_WARN_BOOL_CONVERSION = YES;
				CLANG_WARN_CONSTANT_CONVERSION = YES;
				CLANG_WARN_DIRECT_OBJC_ISA_USAGE = YES_ERROR;
				CLANG_WARN_DOCUMENTATION_COMMENTS = YES;
				CLANG_WARN_EMPTY_BODY = YES;
				CLANG_WARN_ENUM_CONVERSION = YES;
				CLANG_WARN_INFINITE_RECURSION = YES;
				CLANG_WARN_INT_CONVERSION = YES;
				CLANG_WARN_OBJC_ROOT_CLASS = YES_ERROR;
				CLANG_WARN_SUSPICIOUS_MOVE = YES;
				CLANG_WARN_UNREACHABLE_CODE = YES;
				CLANG_WARN__DUPLICATE_METHOD_MATCH = YES;
				"CODE_SIGN_IDENTITY[sdk=iphoneos*]" = "iPhone Developer";
				COPY_PHASE_STRIP = NO;
				DEBUG_INFORMATION_FORMAT = "dwarf-with-dsym";
				ENABLE_NS_ASSERTIONS = NO;
				ENABLE_STRICT_OBJC_MSGSEND = YES;
				GCC_C_LANGUAGE_STANDARD = gnu99;
				GCC_NO_COMMON_BLOCKS = YES;
				GCC_WARN_64_TO_32_BIT_CONVERSION = YES;
				GCC_WARN_ABOUT_RETURN_TYPE = YES_ERROR;
				GCC_WARN_UNDECLARED_SELECTOR = YES;
				GCC_WARN_UNINITIALIZED_AUTOS = YES_AGGRESSIVE;
				GCC_WARN_UNUSED_FUNCTION = YES;
				GCC_WARN_UNUSED_VARIABLE = YES;
				IPHONEOS_DEPLOYMENT_TARGET = 10.3;
				MTL_ENABLE_DEBUG_INFO = NO;
				SDKROOT = iphoneos;
				SWIFT_OPTIMIZATION_LEVEL = "-Owholemodule";
				VALIDATE_PRODUCT = YES;
			};
			name = Release;
		};
		9A00B2801F3A874E004F1F3C /* Debug */ = {
			isa = XCBuildConfiguration;
			buildSettings = {
				ASSETCATALOG_COMPILER_APPICON_NAME = AppIcon;
				DEVELOPMENT_TEAM = UNG5QBX75S;
				INFOPLIST_FILE = WhosThatPokemoniOS/Info.plist;
				LD_RUNPATH_SEARCH_PATHS = "$(inherited) @executable_path/Frameworks";
				PRODUCT_BUNDLE_IDENTIFIER = com.DylanConway.WhosThatPokemoniOS;
				PRODUCT_NAME = "$(TARGET_NAME)";
				SWIFT_VERSION = 3.0;
			};
			name = Debug;
		};
		9A00B2811F3A874E004F1F3C /* Release */ = {
			isa = XCBuildConfiguration;
			buildSettings = {
				ASSETCATALOG_COMPILER_APPICON_NAME = AppIcon;
				DEVELOPMENT_TEAM = UNG5QBX75S;
				INFOPLIST_FILE = WhosThatPokemoniOS/Info.plist;
				LD_RUNPATH_SEARCH_PATHS = "$(inherited) @executable_path/Frameworks";
				PRODUCT_BUNDLE_IDENTIFIER = com.DylanConway.WhosThatPokemoniOS;
				PRODUCT_NAME = "$(TARGET_NAME)";
				SWIFT_VERSION = 3.0;
			};
			name = Release;
		};
		9A00B2831F3A874E004F1F3C /* Debug */ = {
			isa = XCBuildConfiguration;
			buildSettings = {
				ALWAYS_EMBED_SWIFT_STANDARD_LIBRARIES = YES;
				BUNDLE_LOADER = "$(TEST_HOST)";
				DEVELOPMENT_TEAM = 2L5AM36F5Y;
				INFOPLIST_FILE = WhosThatPokemoniOSTests/Info.plist;
				LD_RUNPATH_SEARCH_PATHS = "$(inherited) @executable_path/Frameworks @loader_path/Frameworks";
				PRODUCT_BUNDLE_IDENTIFIER = com.DylanConway.WhosThatPokemoniOSTests;
				PRODUCT_NAME = "$(TARGET_NAME)";
				SWIFT_VERSION = 3.0;
				TEST_HOST = "$(BUILT_PRODUCTS_DIR)/WhosThatPokemoniOS.app/WhosThatPokemoniOS";
			};
			name = Debug;
		};
		9A00B2841F3A874E004F1F3C /* Release */ = {
			isa = XCBuildConfiguration;
			buildSettings = {
				ALWAYS_EMBED_SWIFT_STANDARD_LIBRARIES = YES;
				BUNDLE_LOADER = "$(TEST_HOST)";
				DEVELOPMENT_TEAM = 2L5AM36F5Y;
				INFOPLIST_FILE = WhosThatPokemoniOSTests/Info.plist;
				LD_RUNPATH_SEARCH_PATHS = "$(inherited) @executable_path/Frameworks @loader_path/Frameworks";
				PRODUCT_BUNDLE_IDENTIFIER = com.DylanConway.WhosThatPokemoniOSTests;
				PRODUCT_NAME = "$(TARGET_NAME)";
				SWIFT_VERSION = 3.0;
				TEST_HOST = "$(BUILT_PRODUCTS_DIR)/WhosThatPokemoniOS.app/WhosThatPokemoniOS";
			};
			name = Release;
		};
		9A00B2861F3A874E004F1F3C /* Debug */ = {
			isa = XCBuildConfiguration;
			buildSettings = {
				ALWAYS_EMBED_SWIFT_STANDARD_LIBRARIES = YES;
				DEVELOPMENT_TEAM = 2L5AM36F5Y;
				INFOPLIST_FILE = WhosThatPokemoniOSUITests/Info.plist;
				LD_RUNPATH_SEARCH_PATHS = "$(inherited) @executable_path/Frameworks @loader_path/Frameworks";
				PRODUCT_BUNDLE_IDENTIFIER = com.DylanConway.WhosThatPokemoniOSUITests;
				PRODUCT_NAME = "$(TARGET_NAME)";
				SWIFT_VERSION = 3.0;
				TEST_TARGET_NAME = WhosThatPokemoniOS;
			};
			name = Debug;
		};
		9A00B2871F3A874E004F1F3C /* Release */ = {
			isa = XCBuildConfiguration;
			buildSettings = {
				ALWAYS_EMBED_SWIFT_STANDARD_LIBRARIES = YES;
				DEVELOPMENT_TEAM = 2L5AM36F5Y;
				INFOPLIST_FILE = WhosThatPokemoniOSUITests/Info.plist;
				LD_RUNPATH_SEARCH_PATHS = "$(inherited) @executable_path/Frameworks @loader_path/Frameworks";
				PRODUCT_BUNDLE_IDENTIFIER = com.DylanConway.WhosThatPokemoniOSUITests;
				PRODUCT_NAME = "$(TARGET_NAME)";
				SWIFT_VERSION = 3.0;
				TEST_TARGET_NAME = WhosThatPokemoniOS;
			};
			name = Release;
		};
/* End XCBuildConfiguration section */

/* Begin XCConfigurationList section */
		9A00B2521F3A874E004F1F3C /* Build configuration list for PBXProject "WhosThatPokemoniOS" */ = {
			isa = XCConfigurationList;
			buildConfigurations = (
				9A00B27D1F3A874E004F1F3C /* Debug */,
				9A00B27E1F3A874E004F1F3C /* Release */,
			);
			defaultConfigurationIsVisible = 0;
			defaultConfigurationName = Release;
		};
		9A00B27F1F3A874E004F1F3C /* Build configuration list for PBXNativeTarget "WhosThatPokemoniOS" */ = {
			isa = XCConfigurationList;
			buildConfigurations = (
				9A00B2801F3A874E004F1F3C /* Debug */,
				9A00B2811F3A874E004F1F3C /* Release */,
			);
			defaultConfigurationIsVisible = 0;
			defaultConfigurationName = Release;
		};
		9A00B2821F3A874E004F1F3C /* Build configuration list for PBXNativeTarget "WhosThatPokemoniOSTests" */ = {
			isa = XCConfigurationList;
			buildConfigurations = (
				9A00B2831F3A874E004F1F3C /* Debug */,
				9A00B2841F3A874E004F1F3C /* Release */,
			);
			defaultConfigurationIsVisible = 0;
			defaultConfigurationName = Release;
		};
		9A00B2851F3A874E004F1F3C /* Build configuration list for PBXNativeTarget "WhosThatPokemoniOSUITests" */ = {
			isa = XCConfigurationList;
			buildConfigurations = (
				9A00B2861F3A874E004F1F3C /* Debug */,
				9A00B2871F3A874E004F1F3C /* Release */,
			);
			defaultConfigurationIsVisible = 0;
			defaultConfigurationName = Release;
		};
/* End XCConfigurationList section */
	};
	rootObject = 9A00B24F1F3A874E004F1F3C /* Project object */;
}
